
Microsoft Visual Studio Solution File, Format Version 12.00
# Visual Studio Version 17
VisualStudioVersion = 17.11.35312.102
MinimumVisualStudioVersion = 10.0.40219.1
Project("{9A19103F-16F7-4668-BE54-9A1E7A4F7556}") = "BIZBOX.PSA.API", "BIZBOX.PSA.API\BIZBOX.PSA.API.csproj", "{191D59F3-1F0C-4C2D-9F08-30C3F021F420}"
EndProject
Project("{9A19103F-16F7-4668-BE54-9A1E7A4F7556}") = "BIZBOX.PSA.APPLICATION", "BIZBOX.PSA.APPLICATION\BIZBOX.PSA.APPLICATION.csproj", "{D7D73666-3F0A-467C-8A27-CD4327CEA139}"
EndProject
Project("{9A19103F-16F7-4668-BE54-9A1E7A4F7556}") = "BIZBOX.PSA.DOMAIN", "BIZBOX.PSA.DOMAIN\BIZBOX.PSA.DOMAIN.csproj", "{48456E64-53E4-4761-8AC8-F6265B83B214}"
EndProject
Project("{9A19103F-16F7-4668-BE54-9A1E7A4F7556}") = "BIZBOX.PSA.PERSISTENCE", "BIZBOX.PSA.PERSISTENCE\BIZBOX.PSA.PERSISTENCE.csproj", "{520E3923-D07A-4A5B-9686-51D460076918}"
EndProject
Project("{9A19103F-16F7-4668-BE54-9A1E7A4F7556}") = "BIZBOX.PSA.SERVICES", "BIZBOX.PSA.SERVICES\BIZBOX.PSA.SERVICES.csproj", "{D4C033F9-8632-45C2-8998-08F4DDF7E419}"
EndProject
Global
	GlobalSection(SolutionConfigurationPlatforms) = preSolution
		Debug|Any CPU = Debug|Any CPU
		Release|Any CPU = Release|Any CPU
	EndGlobalSection
	GlobalSection(ProjectConfigurationPlatforms) = postSolution
		{191D59F3-1F0C-4C2D-9F08-30C3F021F420}.Debug|Any CPU.ActiveCfg = Debug|Any CPU
		{191D59F3-1F0C-4C2D-9F08-30C3F021F420}.Debug|Any CPU.Build.0 = Debug|Any CPU
		{191D59F3-1F0C-4C2D-9F08-30C3F021F420}.Release|Any CPU.ActiveCfg = Release|Any CPU
		{191D59F3-1F0C-4C2D-9F08-30C3F021F420}.Release|Any CPU.Build.0 = Release|Any CPU
		{D7D73666-3F0A-467C-8A27-CD4327CEA139}.Debug|Any CPU.ActiveCfg = Debug|Any CPU
		{D7D73666-3F0A-467C-8A27-CD4327CEA139}.Debug|Any CPU.Build.0 = Debug|Any CPU
		{D7D73666-3F0A-467C-8A27-CD4327CEA139}.Release|Any CPU.ActiveCfg = Release|Any CPU
		{D7D73666-3F0A-467C-8A27-CD4327CEA139}.Release|Any CPU.Build.0 = Release|Any CPU
		{48456E64-53E4-4761-8AC8-F6265B83B214}.Debug|Any CPU.ActiveCfg = Debug|Any CPU
		{48456E64-53E4-4761-8AC8-F6265B83B214}.Debug|Any CPU.Build.0 = Debug|Any CPU
		{48456E64-53E4-4761-8AC8-F6265B83B214}.Release|Any CPU.ActiveCfg = Release|Any CPU
		{48456E64-53E4-4761-8AC8-F6265B83B214}.Release|Any CPU.Build.0 = Release|Any CPU
		{520E3923-D07A-4A5B-9686-51D460076918}.Debug|Any CPU.ActiveCfg = Debug|Any CPU
		{520E3923-D07A-4A5B-9686-51D460076918}.Debug|Any CPU.Build.0 = Debug|Any CPU
		{520E3923-D07A-4A5B-9686-51D460076918}.Release|Any CPU.ActiveCfg = Release|Any CPU
		{520E3923-D07A-4A5B-9686-51D460076918}.Release|Any CPU.Build.0 = Release|Any CPU
		{D4C033F9-8632-45C2-8998-08F4DDF7E419}.Debug|Any CPU.ActiveCfg = Debug|Any CPU
		{D4C033F9-8632-45C2-8998-08F4DDF7E419}.Debug|Any CPU.Build.0 = Debug|Any CPU
		{D4C033F9-8632-45C2-8998-08F4DDF7E419}.Release|Any CPU.ActiveCfg = Release|Any CPU
		{D4C033F9-8632-45C2-8998-08F4DDF7E419}.Release|Any CPU.Build.0 = Release|Any CPU
	EndGlobalSection
	GlobalSection(SolutionProperties) = preSolution
		HideSolutionNode = FALSE
	EndGlobalSection
	GlobalSection(ExtensibilityGlobals) = postSolution
		SolutionGuid = {ADD31432-F24A-422F-B644-18D541AFB134}
	EndGlobalSection
EndGlobal
